// !$*UTF8*$!
{
	archiveVersion = 1;
	classes = {
	};
	objectVersion = 56;
	objects = {

/* Begin PBXBuildFile section */
		7370F36C29AB8510003E2658 /* HomeView.swift in Sources */ = {isa = PBXBuildFile; fileRef = 7370F36B29AB8510003E2658 /* HomeView.swift */; };
		7385E64A29A9F5800044BD82 /* SideQuestApp.swift in Sources */ = {isa = PBXBuildFile; fileRef = 7385E64929A9F5800044BD82 /* SideQuestApp.swift */; };
		7385E64C29A9F5800044BD82 /* ContentView.swift in Sources */ = {isa = PBXBuildFile; fileRef = 7385E64B29A9F5800044BD82 /* ContentView.swift */; };
		7385E64E29A9F5810044BD82 /* Assets.xcassets in Resources */ = {isa = PBXBuildFile; fileRef = 7385E64D29A9F5810044BD82 /* Assets.xcassets */; };
		7385E65129A9F5810044BD82 /* Preview Assets.xcassets in Resources */ = {isa = PBXBuildFile; fileRef = 7385E65029A9F5810044BD82 /* Preview Assets.xcassets */; };
		7385E65B29A9F5810044BD82 /* SideQuestTests.swift in Sources */ = {isa = PBXBuildFile; fileRef = 7385E65A29A9F5810044BD82 /* SideQuestTests.swift */; };
		7385E66529A9F5810044BD82 /* SideQuestUITests.swift in Sources */ = {isa = PBXBuildFile; fileRef = 7385E66429A9F5810044BD82 /* SideQuestUITests.swift */; };
		7385E66729A9F5810044BD82 /* SideQuestUITestsLaunchTests.swift in Sources */ = {isa = PBXBuildFile; fileRef = 7385E66629A9F5810044BD82 /* SideQuestUITestsLaunchTests.swift */; };
		7385E67629AAE4D90044BD82 /* RegisterView.swift in Sources */ = {isa = PBXBuildFile; fileRef = 7385E67529AAE4D90044BD82 /* RegisterView.swift */; };
		7385E68029AAEEF10044BD82 /* LoginView.swift in Sources */ = {isa = PBXBuildFile; fileRef = 7385E67F29AAEEF10044BD82 /* LoginView.swift */; };
		7385E68229AAF6730044BD82 /* InsertQuestView.swift in Sources */ = {isa = PBXBuildFile; fileRef = 7385E68129AAF6730044BD82 /* InsertQuestView.swift */; };
/* End PBXBuildFile section */

/* Begin PBXContainerItemProxy section */
		7385E65729A9F5810044BD82 /* PBXContainerItemProxy */ = {
			isa = PBXContainerItemProxy;
			containerPortal = 7385E63E29A9F5800044BD82 /* Project object */;
			proxyType = 1;
			remoteGlobalIDString = 7385E64529A9F5800044BD82;
			remoteInfo = SideQuest;
		};
		7385E66129A9F5810044BD82 /* PBXContainerItemProxy */ = {
			isa = PBXContainerItemProxy;
			containerPortal = 7385E63E29A9F5800044BD82 /* Project object */;
			proxyType = 1;
			remoteGlobalIDString = 7385E64529A9F5800044BD82;
			remoteInfo = SideQuest;
		};
/* End PBXContainerItemProxy section */

/* Begin PBXFileReference section */
		7370F36B29AB8510003E2658 /* HomeView.swift */ = {isa = PBXFileReference; fileEncoding = 4; lastKnownFileType = sourcecode.swift; path = HomeView.swift; sourceTree = "<group>"; };
		7385E64629A9F5800044BD82 /* SideQuest.app */ = {isa = PBXFileReference; explicitFileType = wrapper.application; includeInIndex = 0; path = SideQuest.app; sourceTree = BUILT_PRODUCTS_DIR; };
		7385E64929A9F5800044BD82 /* SideQuestApp.swift */ = {isa = PBXFileReference; lastKnownFileType = sourcecode.swift; path = SideQuestApp.swift; sourceTree = "<group>"; };
		7385E64B29A9F5800044BD82 /* ContentView.swift */ = {isa = PBXFileReference; lastKnownFileType = sourcecode.swift; path = ContentView.swift; sourceTree = "<group>"; };
		7385E64D29A9F5810044BD82 /* Assets.xcassets */ = {isa = PBXFileReference; lastKnownFileType = folder.assetcatalog; path = Assets.xcassets; sourceTree = "<group>"; };
		7385E65029A9F5810044BD82 /* Preview Assets.xcassets */ = {isa = PBXFileReference; lastKnownFileType = folder.assetcatalog; path = "Preview Assets.xcassets"; sourceTree = "<group>"; };
		7385E65629A9F5810044BD82 /* SideQuestTests.xctest */ = {isa = PBXFileReference; explicitFileType = wrapper.cfbundle; includeInIndex = 0; path = SideQuestTests.xctest; sourceTree = BUILT_PRODUCTS_DIR; };
		7385E65A29A9F5810044BD82 /* SideQuestTests.swift */ = {isa = PBXFileReference; lastKnownFileType = sourcecode.swift; path = SideQuestTests.swift; sourceTree = "<group>"; };
		7385E66029A9F5810044BD82 /* SideQuestUITests.xctest */ = {isa = PBXFileReference; explicitFileType = wrapper.cfbundle; includeInIndex = 0; path = SideQuestUITests.xctest; sourceTree = BUILT_PRODUCTS_DIR; };
		7385E66429A9F5810044BD82 /* SideQuestUITests.swift */ = {isa = PBXFileReference; lastKnownFileType = sourcecode.swift; path = SideQuestUITests.swift; sourceTree = "<group>"; };
		7385E66629A9F5810044BD82 /* SideQuestUITestsLaunchTests.swift */ = {isa = PBXFileReference; lastKnownFileType = sourcecode.swift; path = SideQuestUITestsLaunchTests.swift; sourceTree = "<group>"; };
		7385E67529AAE4D90044BD82 /* RegisterView.swift */ = {isa = PBXFileReference; lastKnownFileType = sourcecode.swift; path = RegisterView.swift; sourceTree = "<group>"; };
		7385E67F29AAEEF10044BD82 /* LoginView.swift */ = {isa = PBXFileReference; lastKnownFileType = sourcecode.swift; path = LoginView.swift; sourceTree = "<group>"; };
		7385E68129AAF6730044BD82 /* InsertQuestView.swift */ = {isa = PBXFileReference; lastKnownFileType = sourcecode.swift; path = InsertQuestView.swift; sourceTree = "<group>"; };
/* End PBXFileReference section */

/* Begin PBXFrameworksBuildPhase section */
		7385E64329A9F5800044BD82 /* Frameworks */ = {
			isa = PBXFrameworksBuildPhase;
			buildActionMask = 2147483647;
			files = (
			);
			runOnlyForDeploymentPostprocessing = 0;
		};
		7385E65329A9F5810044BD82 /* Frameworks */ = {
			isa = PBXFrameworksBuildPhase;
			buildActionMask = 2147483647;
			files = (
			);
			runOnlyForDeploymentPostprocessing = 0;
		};
		7385E65D29A9F5810044BD82 /* Frameworks */ = {
			isa = PBXFrameworksBuildPhase;
			buildActionMask = 2147483647;
			files = (
			);
			runOnlyForDeploymentPostprocessing = 0;
		};
/* End PBXFrameworksBuildPhase section */

/* Begin PBXGroup section */
		7385E63D29A9F5800044BD82 = {
			isa = PBXGroup;
			children = (
				7385E64829A9F5800044BD82 /* SideQuest */,
				7385E65929A9F5810044BD82 /* SideQuestTests */,
				7385E66329A9F5810044BD82 /* SideQuestUITests */,
				7385E64729A9F5800044BD82 /* Products */,
			);
			sourceTree = "<group>";
		};
		7385E64729A9F5800044BD82 /* Products */ = {
			isa = PBXGroup;
			children = (
				7385E64629A9F5800044BD82 /* SideQuest.app */,
				7385E65629A9F5810044BD82 /* SideQuestTests.xctest */,
				7385E66029A9F5810044BD82 /* SideQuestUITests.xctest */,
			);
			name = Products;
			sourceTree = "<group>";
		};
		7385E64829A9F5800044BD82 /* SideQuest */ = {
			isa = PBXGroup;
			children = (
				7370F36B29AB8510003E2658 /* HomeView.swift */,
				7385E64929A9F5800044BD82 /* SideQuestApp.swift */,
				7385E64B29A9F5800044BD82 /* ContentView.swift */,
				7385E67529AAE4D90044BD82 /* RegisterView.swift */,
				7385E67F29AAEEF10044BD82 /* LoginView.swift */,
				7385E68129AAF6730044BD82 /* InsertQuestView.swift */,
				7385E64D29A9F5810044BD82 /* Assets.xcassets */,
				7385E64F29A9F5810044BD82 /* Preview Content */,
			);
			path = SideQuest;
			sourceTree = "<group>";
		};
		7385E64F29A9F5810044BD82 /* Preview Content */ = {
			isa = PBXGroup;
			children = (
				7385E65029A9F5810044BD82 /* Preview Assets.xcassets */,
			);
			path = "Preview Content";
			sourceTree = "<group>";
		};
		7385E65929A9F5810044BD82 /* SideQuestTests */ = {
			isa = PBXGroup;
			children = (
				7385E65A29A9F5810044BD82 /* SideQuestTests.swift */,
			);
			path = SideQuestTests;
			sourceTree = "<group>";
		};
		7385E66329A9F5810044BD82 /* SideQuestUITests */ = {
			isa = PBXGroup;
			children = (
				7385E66429A9F5810044BD82 /* SideQuestUITests.swift */,
				7385E66629A9F5810044BD82 /* SideQuestUITestsLaunchTests.swift */,
			);
			path = SideQuestUITests;
			sourceTree = "<group>";
		};
/* End PBXGroup section */

/* Begin PBXNativeTarget section */
		7385E64529A9F5800044BD82 /* SideQuest */ = {
			isa = PBXNativeTarget;
			buildConfigurationList = 7385E66A29A9F5810044BD82 /* Build configuration list for PBXNativeTarget "SideQuest" */;
			buildPhases = (
				7385E64229A9F5800044BD82 /* Sources */,
				7385E64329A9F5800044BD82 /* Frameworks */,
				7385E64429A9F5800044BD82 /* Resources */,
			);
			buildRules = (
			);
			dependencies = (
			);
			name = SideQuest;
			productName = SideQuest;
			productReference = 7385E64629A9F5800044BD82 /* SideQuest.app */;
			productType = "com.apple.product-type.application";
		};
		7385E65529A9F5810044BD82 /* SideQuestTests */ = {
			isa = PBXNativeTarget;
			buildConfigurationList = 7385E66D29A9F5810044BD82 /* Build configuration list for PBXNativeTarget "SideQuestTests" */;
			buildPhases = (
				7385E65229A9F5810044BD82 /* Sources */,
				7385E65329A9F5810044BD82 /* Frameworks */,
				7385E65429A9F5810044BD82 /* Resources */,
			);
			buildRules = (
			);
			dependencies = (
				7385E65829A9F5810044BD82 /* PBXTargetDependency */,
			);
			name = SideQuestTests;
			productName = SideQuestTests;
			productReference = 7385E65629A9F5810044BD82 /* SideQuestTests.xctest */;
			productType = "com.apple.product-type.bundle.unit-test";
		};
		7385E65F29A9F5810044BD82 /* SideQuestUITests */ = {
			isa = PBXNativeTarget;
			buildConfigurationList = 7385E67029A9F5810044BD82 /* Build configuration list for PBXNativeTarget "SideQuestUITests" */;
			buildPhases = (
				7385E65C29A9F5810044BD82 /* Sources */,
				7385E65D29A9F5810044BD82 /* Frameworks */,
				7385E65E29A9F5810044BD82 /* Resources */,
			);
			buildRules = (
			);
			dependencies = (
				7385E66229A9F5810044BD82 /* PBXTargetDependency */,
			);
			name = SideQuestUITests;
			productName = SideQuestUITests;
			productReference = 7385E66029A9F5810044BD82 /* SideQuestUITests.xctest */;
			productType = "com.apple.product-type.bundle.ui-testing";
		};
/* End PBXNativeTarget section */

/* Begin PBXProject section */
		7385E63E29A9F5800044BD82 /* Project object */ = {
			isa = PBXProject;
			attributes = {
				BuildIndependentTargetsInParallel = 1;
				LastSwiftUpdateCheck = 1420;
				LastUpgradeCheck = 1420;
				TargetAttributes = {
					7385E64529A9F5800044BD82 = {
						CreatedOnToolsVersion = 14.2;
					};
					7385E65529A9F5810044BD82 = {
						CreatedOnToolsVersion = 14.2;
						TestTargetID = 7385E64529A9F5800044BD82;
					};
					7385E65F29A9F5810044BD82 = {
						CreatedOnToolsVersion = 14.2;
						TestTargetID = 7385E64529A9F5800044BD82;
					};
				};
			};
			buildConfigurationList = 7385E64129A9F5800044BD82 /* Build configuration list for PBXProject "SideQuest" */;
			compatibilityVersion = "Xcode 14.0";
			developmentRegion = en;
			hasScannedForEncodings = 0;
			knownRegions = (
				en,
				Base,
			);
			mainGroup = 7385E63D29A9F5800044BD82;
			productRefGroup = 7385E64729A9F5800044BD82 /* Products */;
			projectDirPath = "";
			projectRoot = "";
			targets = (
				7385E64529A9F5800044BD82 /* SideQuest */,
				7385E65529A9F5810044BD82 /* SideQuestTests */,
				7385E65F29A9F5810044BD82 /* SideQuestUITests */,
			);
		};
/* End PBXProject section */

/* Begin PBXResourcesBuildPhase section */
		7385E64429A9F5800044BD82 /* Resources */ = {
			isa = PBXResourcesBuildPhase;
			buildActionMask = 2147483647;
			files = (
				7385E65129A9F5810044BD82 /* Preview Assets.xcassets in Resources */,
				7385E64E29A9F5810044BD82 /* Assets.xcassets in Resources */,
			);
			runOnlyForDeploymentPostprocessing = 0;
		};
		7385E65429A9F5810044BD82 /* Resources */ = {
			isa = PBXResourcesBuildPhase;
			buildActionMask = 2147483647;
			files = (
			);
			runOnlyForDeploymentPostprocessing = 0;
		};
		7385E65E29A9F5810044BD82 /* Resources */ = {
			isa = PBXResourcesBuildPhase;
			buildActionMask = 2147483647;
			files = (
			);
			runOnlyForDeploymentPostprocessing = 0;
		};
/* End PBXResourcesBuildPhase section */

/* Begin PBXSourcesBuildPhase section */
		7385E64229A9F5800044BD82 /* Sources */ = {
			isa = PBXSourcesBuildPhase;
			buildActionMask = 2147483647;
			files = (
				7385E67629AAE4D90044BD82 /* RegisterView.swift in Sources */,
				7385E64C29A9F5800044BD82 /* ContentView.swift in Sources */,
				7385E68229AAF6730044BD82 /* InsertQuestView.swift in Sources */,
				7370F36C29AB8510003E2658 /* HomeView.swift in Sources */,
				7385E68029AAEEF10044BD82 /* LoginView.swift in Sources */,
				7385E64A29A9F5800044BD82 /* SideQuestApp.swift in Sources */,
			);
			runOnlyForDeploymentPostprocessing = 0;
		};
		7385E65229A9F5810044BD82 /* Sources */ = {
			isa = PBXSourcesBuildPhase;
			buildActionMask = 2147483647;
			files = (
				7385E65B29A9F5810044BD82 /* SideQuestTests.swift in Sources */,
			);
			runOnlyForDeploymentPostprocessing = 0;
		};
		7385E65C29A9F5810044BD82 /* Sources */ = {
			isa = PBXSourcesBuildPhase;
			buildActionMask = 2147483647;
			files = (
				7385E66729A9F5810044BD82 /* SideQuestUITestsLaunchTests.swift in Sources */,
				7385E66529A9F5810044BD82 /* SideQuestUITests.swift in Sources */,
			);
			runOnlyForDeploymentPostprocessing = 0;
		};
/* End PBXSourcesBuildPhase section */

/* Begin PBXTargetDependency section */
		7385E65829A9F5810044BD82 /* PBXTargetDependency */ = {
			isa = PBXTargetDependency;
			target = 7385E64529A9F5800044BD82 /* SideQuest */;
			targetProxy = 7385E65729A9F5810044BD82 /* PBXContainerItemProxy */;
		};
		7385E66229A9F5810044BD82 /* PBXTargetDependency */ = {
			isa = PBXTargetDependency;
			target = 7385E64529A9F5800044BD82 /* SideQuest */;
			targetProxy = 7385E66129A9F5810044BD82 /* PBXContainerItemProxy */;
		};
/* End PBXTargetDependency section */

/* Begin XCBuildConfiguration section */
		7385E66829A9F5810044BD82 /* Debug */ = {
			isa = XCBuildConfiguration;
			buildSettings = {
				ALWAYS_SEARCH_USER_PATHS = NO;
				CLANG_ANALYZER_NONNULL = YES;
				CLANG_ANALYZER_NUMBER_OBJECT_CONVERSION = YES_AGGRESSIVE;
				CLANG_CXX_LANGUAGE_STANDARD = "gnu++20";
				CLANG_ENABLE_MODULES = YES;
				CLANG_ENABLE_OBJC_ARC = YES;
				CLANG_ENABLE_OBJC_WEAK = YES;
				CLANG_WARN_BLOCK_CAPTURE_AUTORELEASING = YES;
				CLANG_WARN_BOOL_CONVERSION = YES;
				CLANG_WARN_COMMA = YES;
				CLANG_WARN_CONSTANT_CONVERSION = YES;
				CLANG_WARN_DEPRECATED_OBJC_IMPLEMENTATIONS = YES;
				CLANG_WARN_DIRECT_OBJC_ISA_USAGE = YES_ERROR;
				CLANG_WARN_DOCUMENTATION_COMMENTS = YES;
				CLANG_WARN_EMPTY_BODY = YES;
				CLANG_WARN_ENUM_CONVERSION = YES;
				CLANG_WARN_INFINITE_RECURSION = YES;
				CLANG_WARN_INT_CONVERSION = YES;
				CLANG_WARN_NON_LITERAL_NULL_CONVERSION = YES;
				CLANG_WARN_OBJC_IMPLICIT_RETAIN_SELF = YES;
				CLANG_WARN_OBJC_LITERAL_CONVERSION = YES;
				CLANG_WARN_OBJC_ROOT_CLASS = YES_ERROR;
				CLANG_WARN_QUOTED_INCLUDE_IN_FRAMEWORK_HEADER = YES;
				CLANG_WARN_RANGE_LOOP_ANALYSIS = YES;
				CLANG_WARN_STRICT_PROTOTYPES = YES;
				CLANG_WARN_SUSPICIOUS_MOVE = YES;
				CLANG_WARN_UNGUARDED_AVAILABILITY = YES_AGGRESSIVE;
				CLANG_WARN_UNREACHABLE_CODE = YES;
				CLANG_WARN__DUPLICATE_METHOD_MATCH = YES;
				COPY_PHASE_STRIP = NO;
				DEBUG_INFORMATION_FORMAT = dwarf;
				ENABLE_STRICT_OBJC_MSGSEND = YES;
				ENABLE_TESTABILITY = YES;
				GCC_C_LANGUAGE_STANDARD = gnu11;
				GCC_DYNAMIC_NO_PIC = NO;
				GCC_NO_COMMON_BLOCKS = YES;
				GCC_OPTIMIZATION_LEVEL = 0;
				GCC_PREPROCESSOR_DEFINITIONS = (
					"DEBUG=1",
					"$(inherited)",
				);
				GCC_WARN_64_TO_32_BIT_CONVERSION = YES;
				GCC_WARN_ABOUT_RETURN_TYPE = YES_ERROR;
				GCC_WARN_UNDECLARED_SELECTOR = YES;
				GCC_WARN_UNINITIALIZED_AUTOS = YES_AGGRESSIVE;
				GCC_WARN_UNUSED_FUNCTION = YES;
				GCC_WARN_UNUSED_VARIABLE = YES;
				IPHONEOS_DEPLOYMENT_TARGET = 16.2;
				MTL_ENABLE_DEBUG_INFO = INCLUDE_SOURCE;
				MTL_FAST_MATH = YES;
				ONLY_ACTIVE_ARCH = YES;
				SDKROOT = iphoneos;
				SWIFT_ACTIVE_COMPILATION_CONDITIONS = DEBUG;
				SWIFT_OPTIMIZATION_LEVEL = "-Onone";
			};
			name = Debug;
		};
		7385E66929A9F5810044BD82 /* Release */ = {
			isa = XCBuildConfiguration;
			buildSettings = {
				ALWAYS_SEARCH_USER_PATHS = NO;
				CLANG_ANALYZER_NONNULL = YES;
				CLANG_ANALYZER_NUMBER_OBJECT_CONVERSION = YES_AGGRESSIVE;
				CLANG_CXX_LANGUAGE_STANDARD = "gnu++20";
				CLANG_ENABLE_MODULES = YES;
				CLANG_ENABLE_OBJC_ARC = YES;
				CLANG_ENABLE_OBJC_WEAK = YES;
				CLANG_WARN_BLOCK_CAPTURE_AUTORELEASING = YES;
				CLANG_WARN_BOOL_CONVERSION = YES;
				CLANG_WARN_COMMA = YES;
				CLANG_WARN_CONSTANT_CONVERSION = YES;
				CLANG_WARN_DEPRECATED_OBJC_IMPLEMENTATIONS = YES;
				CLANG_WARN_DIRECT_OBJC_ISA_USAGE = YES_ERROR;
				CLANG_WARN_DOCUMENTATION_COMMENTS = YES;
				CLANG_WARN_EMPTY_BODY = YES;
				CLANG_WARN_ENUM_CONVERSION = YES;
				CLANG_WARN_INFINITE_RECURSION = YES;
				CLANG_WARN_INT_CONVERSION = YES;
				CLANG_WARN_NON_LITERAL_NULL_CONVERSION = YES;
				CLANG_WARN_OBJC_IMPLICIT_RETAIN_SELF = YES;
				CLANG_WARN_OBJC_LITERAL_CONVERSION = YES;
				CLANG_WARN_OBJC_ROOT_CLASS = YES_ERROR;
				CLANG_WARN_QUOTED_INCLUDE_IN_FRAMEWORK_HEADER = YES;
				CLANG_WARN_RANGE_LOOP_ANALYSIS = YES;
				CLANG_WARN_STRICT_PROTOTYPES = YES;
				CLANG_WARN_SUSPICIOUS_MOVE = YES;
				CLANG_WARN_UNGUARDED_AVAILABILITY = YES_AGGRESSIVE;
				CLANG_WARN_UNREACHABLE_CODE = YES;
				CLANG_WARN__DUPLICATE_METHOD_MATCH = YES;
				COPY_PHASE_STRIP = NO;
				DEBUG_INFORMATION_FORMAT = "dwarf-with-dsym";
				ENABLE_NS_ASSERTIONS = NO;
				ENABLE_STRICT_OBJC_MSGSEND = YES;
				GCC_C_LANGUAGE_STANDARD = gnu11;
				GCC_NO_COMMON_BLOCKS = YES;
				GCC_WARN_64_TO_32_BIT_CONVERSION = YES;
				GCC_WARN_ABOUT_RETURN_TYPE = YES_ERROR;
				GCC_WARN_UNDECLARED_SELECTOR = YES;
				GCC_WARN_UNINITIALIZED_AUTOS = YES_AGGRESSIVE;
				GCC_WARN_UNUSED_FUNCTION = YES;
				GCC_WARN_UNUSED_VARIABLE = YES;
				IPHONEOS_DEPLOYMENT_TARGET = 16.2;
				MTL_ENABLE_DEBUG_INFO = NO;
				MTL_FAST_MATH = YES;
				SDKROOT = iphoneos;
				SWIFT_COMPILATION_MODE = wholemodule;
				SWIFT_OPTIMIZATION_LEVEL = "-O";
				VALIDATE_PRODUCT = YES;
			};
			name = Release;
		};
		7385E66B29A9F5810044BD82 /* Debug */ = {
			isa = XCBuildConfiguration;
			buildSettings = {
				ASSETCATALOG_COMPILER_APPICON_NAME = AppIcon;
				ASSETCATALOG_COMPILER_GLOBAL_ACCENT_COLOR_NAME = AccentColor;
				CODE_SIGN_STYLE = Automatic;
				CURRENT_PROJECT_VERSION = 1;
				DEVELOPMENT_ASSET_PATHS = "\"SideQuest/Preview Content\"";
				DEVELOPMENT_TEAM = A3MWGNVD2K;
				ENABLE_PREVIEWS = YES;
				GENERATE_INFOPLIST_FILE = YES;
				INFOPLIST_KEY_UIApplicationSceneManifest_Generation = YES;
				INFOPLIST_KEY_UIApplicationSupportsIndirectInputEvents = YES;
				INFOPLIST_KEY_UILaunchScreen_Generation = YES;
				INFOPLIST_KEY_UISupportedInterfaceOrientations_iPad = "UIInterfaceOrientationPortrait UIInterfaceOrientationPortraitUpsideDown UIInterfaceOrientationLandscapeLeft UIInterfaceOrientationLandscapeRight";
				INFOPLIST_KEY_UISupportedInterfaceOrientations_iPhone = "UIInterfaceOrientationPortrait UIInterfaceOrientationLandscapeLeft UIInterfaceOrientationLandscapeRight";
				LD_RUNPATH_SEARCH_PATHS = (
					"$(inherited)",
					"@executable_path/Frameworks",
				);
				MARKETING_VERSION = 1.0;
				PRODUCT_BUNDLE_IDENTIFIER = com.siyadigra.SideQuest;
				PRODUCT_NAME = "$(TARGET_NAME)";
				SWIFT_EMIT_LOC_STRINGS = YES;
				SWIFT_VERSION = 5.0;
				TARGETED_DEVICE_FAMILY = "1,2";
			};
			name = Debug;
		};
		7385E66C29A9F5810044BD82 /* Release */ = {
			isa = XCBuildConfiguration;
			buildSettings = {
				ASSETCATALOG_COMPILER_APPICON_NAME = AppIcon;
				ASSETCATALOG_COMPILER_GLOBAL_ACCENT_COLOR_NAME = AccentColor;
				CODE_SIGN_STYLE = Automatic;
				CURRENT_PROJECT_VERSION = 1;
				DEVELOPMENT_ASSET_PATHS = "\"SideQuest/Preview Content\"";
				DEVELOPMENT_TEAM = A3MWGNVD2K;
				ENABLE_PREVIEWS = YES;
				GENERATE_INFOPLIST_FILE = YES;
				INFOPLIST_KEY_UIApplicationSceneManifest_Generation = YES;
				INFOPLIST_KEY_UIApplicationSupportsIndirectInputEvents = YES;
				INFOPLIST_KEY_UILaunchScreen_Generation = YES;
				INFOPLIST_KEY_UISupportedInterfaceOrientations_iPad = "UIInterfaceOrientationPortrait UIInterfaceOrientationPortraitUpsideDown UIInterfaceOrientationLandscapeLeft UIInterfaceOrientationLandscapeRight";
				INFOPLIST_KEY_UISupportedInterfaceOrientations_iPhone = "UIInterfaceOrientationPortrait UIInterfaceOrientationLandscapeLeft UIInterfaceOrientationLandscapeRight";
				LD_RUNPATH_SEARCH_PATHS = (
					"$(inherited)",
					"@executable_path/Frameworks",
				);
				MARKETING_VERSION = 1.0;
				PRODUCT_BUNDLE_IDENTIFIER = com.siyadigra.SideQuest;
				PRODUCT_NAME = "$(TARGET_NAME)";
				SWIFT_EMIT_LOC_STRINGS = YES;
				SWIFT_VERSION = 5.0;
				TARGETED_DEVICE_FAMILY = "1,2";
			};
			name = Release;
		};
		7385E66E29A9F5810044BD82 /* Debug */ = {
			isa = XCBuildConfiguration;
			buildSettings = {
				ALWAYS_EMBED_SWIFT_STANDARD_LIBRARIES = YES;
				BUNDLE_LOADER = "$(TEST_HOST)";
				CODE_SIGN_STYLE = Automatic;
				CURRENT_PROJECT_VERSION = 1;
				DEVELOPMENT_TEAM = A3MWGNVD2K;
				GENERATE_INFOPLIST_FILE = YES;
				IPHONEOS_DEPLOYMENT_TARGET = 16.2;
				MARKETING_VERSION = 1.0;
				PRODUCT_BUNDLE_IDENTIFIER = com.siyadigra.SideQuestTests;
				PRODUCT_NAME = "$(TARGET_NAME)";
				SWIFT_EMIT_LOC_STRINGS = NO;
				SWIFT_VERSION = 5.0;
				TARGETED_DEVICE_FAMILY = "1,2";
				TEST_HOST = "$(BUILT_PRODUCTS_DIR)/SideQuest.app/$(BUNDLE_EXECUTABLE_FOLDER_PATH)/SideQuest";
			};
			name = Debug;
		};
		7385E66F29A9F5810044BD82 /* Release */ = {
			isa = XCBuildConfiguration;
			buildSettings = {
				ALWAYS_EMBED_SWIFT_STANDARD_LIBRARIES = YES;
				BUNDLE_LOADER = "$(TEST_HOST)";
				CODE_SIGN_STYLE = Automatic;
				CURRENT_PROJECT_VERSION = 1;
				DEVELOPMENT_TEAM = A3MWGNVD2K;
				GENERATE_INFOPLIST_FILE = YES;
				IPHONEOS_DEPLOYMENT_TARGET = 16.2;
				MARKETING_VERSION = 1.0;
				PRODUCT_BUNDLE_IDENTIFIER = com.siyadigra.SideQuestTests;
				PRODUCT_NAME = "$(TARGET_NAME)";
				SWIFT_EMIT_LOC_STRINGS = NO;
				SWIFT_VERSION = 5.0;
				TARGETED_DEVICE_FAMILY = "1,2";
				TEST_HOST = "$(BUILT_PRODUCTS_DIR)/SideQuest.app/$(BUNDLE_EXECUTABLE_FOLDER_PATH)/SideQuest";
			};
			name = Release;
		};
		7385E67129A9F5810044BD82 /* Debug */ = {
			isa = XCBuildConfiguration;
			buildSettings = {
				ALWAYS_EMBED_SWIFT_STANDARD_LIBRARIES = YES;
				CODE_SIGN_STYLE = Automatic;
				CURRENT_PROJECT_VERSION = 1;
				DEVELOPMENT_TEAM = A3MWGNVD2K;
				GENERATE_INFOPLIST_FILE = YES;
				MARKETING_VERSION = 1.0;
				PRODUCT_BUNDLE_IDENTIFIER = com.siyadigra.SideQuestUITests;
				PRODUCT_NAME = "$(TARGET_NAME)";
				SWIFT_EMIT_LOC_STRINGS = NO;
				SWIFT_VERSION = 5.0;
				TARGETED_DEVICE_FAMILY = "1,2";
				TEST_TARGET_NAME = SideQuest;
			};
			name = Debug;
		};
		7385E67229A9F5810044BD82 /* Release */ = {
			isa = XCBuildConfiguration;
			buildSettings = {
				ALWAYS_EMBED_SWIFT_STANDARD_LIBRARIES = YES;
				CODE_SIGN_STYLE = Automatic;
				CURRENT_PROJECT_VERSION = 1;
				DEVELOPMENT_TEAM = A3MWGNVD2K;
				GENERATE_INFOPLIST_FILE = YES;
				MARKETING_VERSION = 1.0;
				PRODUCT_BUNDLE_IDENTIFIER = com.siyadigra.SideQuestUITests;
				PRODUCT_NAME = "$(TARGET_NAME)";
				SWIFT_EMIT_LOC_STRINGS = NO;
				SWIFT_VERSION = 5.0;
				TARGETED_DEVICE_FAMILY = "1,2";
				TEST_TARGET_NAME = SideQuest;
			};
			name = Release;
		};
/* End XCBuildConfiguration section */

/* Begin XCConfigurationList section */
		7385E64129A9F5800044BD82 /* Build configuration list for PBXProject "SideQuest" */ = {
			isa = XCConfigurationList;
			buildConfigurations = (
				7385E66829A9F5810044BD82 /* Debug */,
				7385E66929A9F5810044BD82 /* Release */,
			);
			defaultConfigurationIsVisible = 0;
			defaultConfigurationName = Release;
		};
		7385E66A29A9F5810044BD82 /* Build configuration list for PBXNativeTarget "SideQuest" */ = {
			isa = XCConfigurationList;
			buildConfigurations = (
				7385E66B29A9F5810044BD82 /* Debug */,
				7385E66C29A9F5810044BD82 /* Release */,
			);
			defaultConfigurationIsVisible = 0;
			defaultConfigurationName = Release;
		};
		7385E66D29A9F5810044BD82 /* Build configuration list for PBXNativeTarget "SideQuestTests" */ = {
			isa = XCConfigurationList;
			buildConfigurations = (
				7385E66E29A9F5810044BD82 /* Debug */,
				7385E66F29A9F5810044BD82 /* Release */,
			);
			defaultConfigurationIsVisible = 0;
			defaultConfigurationName = Release;
		};
		7385E67029A9F5810044BD82 /* Build configuration list for PBXNativeTarget "SideQuestUITests" */ = {
			isa = XCConfigurationList;
			buildConfigurations = (
				7385E67129A9F5810044BD82 /* Debug */,
				7385E67229A9F5810044BD82 /* Release */,
			);
			defaultConfigurationIsVisible = 0;
			defaultConfigurationName = Release;
		};
/* End XCConfigurationList section */
	};
	rootObject = 7385E63E29A9F5800044BD82 /* Project object */;
}
